# Code generated by scarb DO NOT EDIT.
version = 1

[[package]]
name = "clash_prototype"
version = "0.1.0"
dependencies = [
 "dojo",
 "dojo_cairo_test",
]

[[package]]
name = "dojo"
version = "1.8.0"
source = "git+https://github.com/dojoengine/dojo?tag=v1.8.0#843d276a42c3fc34084a88af9f11fa7690bf3d75"
dependencies = [
 "dojo_cairo_macros",
]

[[package]]
name = "dojo_cairo_macros"
version = "1.8.0"
source = "git+https://github.com/dojoengine/dojo?tag=v1.8.0#843d276a42c3fc34084a88af9f11fa7690bf3d75"

[[package]]
name = "dojo_cairo_test"
version = "1.8.0"
source = "git+https://github.com/dojoengine/dojo?tag=v1.8.0#843d276a42c3fc34084a88af9f11fa7690bf3d75"
dependencies = [
 "dojo",
]
